<?xml version="1.0" encoding="utf-8"?>
<Project ToolsVersion="4.0" xmlns="http://schemas.microsoft.com/developer/msbuild/2003">
  <ItemGroup>
    <ClCompile Include="DXUT\Core\DXUT.cpp">
      <Filter>DXUT</Filter>
    </ClCompile>
    <ClCompile Include="DXUT\Optional\DXUTcamera.cpp">
      <Filter>DXUT</Filter>
    </ClCompile>
    <ClCompile Include="DXUT\Core\DXUTenum.cpp">
      <Filter>DXUT</Filter>
    </ClCompile>
    <ClCompile Include="Animation.cpp">
      <Filter>Engine\Animation</Filter>
    </ClCompile>
    <ClCompile Include="Asset.cpp">
      <Filter>Engine\Asset</Filter>
    </ClCompile>
    <ClCompile Include="Entity.cpp">
      <Filter>Engine\Entity</Filter>
    </ClCompile>
    <ClCompile Include="Scene.cpp">
      <Filter>Engine\Scene</Filter>
    </ClCompile>
    <ClCompile Include="Sprite.cpp">
      <Filter>Engine\Sprite</Filter>
    </ClCompile>
    <ClCompile Include="DXUT\Optional\SDKmesh.cpp">
      <Filter>DXUT</Filter>
    </ClCompile>
    <ClCompile Include="DXUT\Optional\DXUTgui.cpp">
      <Filter>DXUT</Filter>
    </ClCompile>
    <ClCompile Include="DXUT\Core\DXUTmisc.cpp">
      <Filter>DXUT</Filter>
    </ClCompile>
    <ClCompile Include="DXUT\Optional\DXUTres.cpp">
      <Filter>DXUT</Filter>
    </ClCompile>
    <ClCompile Include="DXUT\Optional\DXUTsettingsdlg.cpp">
      <Filter>DXUT</Filter>
    </ClCompile>
    <ClCompile Include="DXUT\Optional\SDKmisc.cpp">
      <Filter>DXUT</Filter>
    </ClCompile>
    <ClCompile Include="DXUT\Optional\SDKsound.cpp">
      <Filter>DXUT</Filter>
    </ClCompile>
    <ClCompile Include="DXUT\Optional\SDKwavefile.cpp">
      <Filter>DXUT</Filter>
    </ClCompile>
    <ClCompile Include="Timer.cpp">
      <Filter>Engine\Timer</Filter>
    </ClCompile>
    <ClCompile Include="Text.cpp">
      <Filter>Engine\Text</Filter>
    </ClCompile>
    <ClCompile Include="Texture.cpp">
      <Filter>Engine\Texture</Filter>
    </ClCompile>
    <ClCompile Include="main.cpp">
      <Filter>Engine</Filter>
    </ClCompile>
    <ClCompile Include="World.cpp">
      <Filter>Engine\World</Filter>
    </ClCompile>
    <ClCompile Include="GameScene.cpp">
      <Filter>Game\Scene\GameScene</Filter>
    </ClCompile>
    <ClCompile Include="Map.cpp">
      <Filter>Game\Entity\Map</Filter>
    </ClCompile>
    <ClCompile Include="GameManager.cpp">
      <Filter>Game\GameManager</Filter>
    </ClCompile>
    <ClCompile Include="Player.cpp">
      <Filter>Game\Entity\Player</Filter>
    </ClCompile>
    <ClCompile Include="Coin.cpp">
      <Filter>Game\Entity\Coin</Filter>
    </ClCompile>
    <ClCompile Include="UI.cpp">
      <Filter>Game\Entity\UI</Filter>
    </ClCompile>
    <ClCompile Include="ShopUI.cpp">
      <Filter>Game\Entity\ShopUI</Filter>
    </ClCompile>
    <ClCompile Include="Particle.cpp">
      <Filter>Game\Entity\Particle</Filter>
    </ClCompile>
    <ClCompile Include="Obstacle.cpp">
      <Filter>Game\Entity\Obstacle</Filter>
    </ClCompile>
    <ClCompile Include="Effect.cpp">
      <Filter>Game\Entity\Effect</Filter>
    </ClCompile>
    <ClCompile Include="EndingScene.cpp">
      <Filter>Game\Scene\EndingScene</Filter>
    </ClCompile>
    <ClCompile Include="LoadingScene.cpp">
      <Filter>Game\Scene\LoadingScene</Filter>
    </ClCompile>
    <ClCompile Include="MainScene.cpp">
      <Filter>Game\Scene\MainScene</Filter>
    </ClCompile>
  </ItemGroup>
  <ItemGroup>
    <ClInclude Include="DXUT\Core\DXUT.h">
      <Filter>DXUT</Filter>
    </ClInclude>
    <ClInclude Include="DXUT\Optional\DXUTcamera.h">
      <Filter>DXUT</Filter>
    </ClInclude>
    <ClInclude Include="Animation.h">
      <Filter>Engine\Animation</Filter>
    </ClInclude>
    <ClInclude Include="Asset.h">
      <Filter>Engine\Asset</Filter>
    </ClInclude>
    <ClInclude Include="Entity.h">
      <Filter>Engine\Entity</Filter>
    </ClInclude>
    <ClInclude Include="Scene.h">
      <Filter>Engine\Scene</Filter>
    </ClInclude>
    <ClInclude Include="Sprite.h">
      <Filter>Engine\Sprite</Filter>
    </ClInclude>
    <ClInclude Include="DXUT\Optional\SDKmesh.h">
      <Filter>DXUT</Filter>
    </ClInclude>
    <ClInclude Include="DXUT\Core\DXUTenum.h">
      <Filter>DXUT</Filter>
    </ClInclude>
    <ClInclude Include="DXUT\Optional\DXUTgui.h">
      <Filter>DXUT</Filter>
    </ClInclude>
    <ClInclude Include="DXUT\Core\DXUTmisc.h">
      <Filter>DXUT</Filter>
    </ClInclude>
    <ClInclude Include="DXUT\Optional\DXUTres.h">
      <Filter>DXUT</Filter>
    </ClInclude>
    <ClInclude Include="DXUT\Optional\DXUTsettingsdlg.h">
      <Filter>DXUT</Filter>
    </ClInclude>
    <ClInclude Include="DXUT\Optional\SDKmisc.h">
      <Filter>DXUT</Filter>
    </ClInclude>
    <ClInclude Include="DXUT\Optional\SDKsound.h">
      <Filter>DXUT</Filter>
    </ClInclude>
    <ClInclude Include="DXUT\Optional\SDKwavefile.h">
      <Filter>DXUT</Filter>
    </ClInclude>
    <ClInclude Include="Timer.h">
      <Filter>Engine\Timer</Filter>
    </ClInclude>
    <ClInclude Include="Text.h">
      <Filter>Engine\Text</Filter>
    </ClInclude>
    <ClInclude Include="Texture.h">
      <Filter>Engine\Texture</Filter>
    </ClInclude>
    <CLInclude Include="resource.h">
      <Filter>Resource Files</Filter>
    </CLInclude>
    <ClInclude Include="World.h">
      <Filter>Engine\World</Filter>
    </ClInclude>
    <ClInclude Include="Define.h">
      <Filter>Engine</Filter>
    </ClInclude>
    <ClInclude Include="GameScene.h">
      <Filter>Game\Scene\GameScene</Filter>
    </ClInclude>
    <ClInclude Include="Map.h">
      <Filter>Game\Entity\Map</Filter>
    </ClInclude>
    <ClInclude Include="GameManager.h">
      <Filter>Game\GameManager</Filter>
    </ClInclude>
    <ClInclude Include="Player.h">
      <Filter>Game\Entity\Player</Filter>
    </ClInclude>
    <ClInclude Include="Coin.h">
      <Filter>Game\Entity\Coin</Filter>
    </ClInclude>
    <ClInclude Include="UI.h">
      <Filter>Game\Entity\UI</Filter>
    </ClInclude>
    <ClInclude Include="ShopUI.h">
      <Filter>Game\Entity\ShopUI</Filter>
    </ClInclude>
    <ClInclude Include="Particle.h">
      <Filter>Game\Entity\Particle</Filter>
    </ClInclude>
    <ClInclude Include="Obstacle.h">
      <Filter>Game\Entity\Obstacle</Filter>
    </ClInclude>
    <ClInclude Include="Effect.h">
      <Filter>Game\Entity\Effect</Filter>
    </ClInclude>
    <ClInclude Include="EndingScene.h">
      <Filter>Game\Scene\EndingScene</Filter>
    </ClInclude>
    <ClInclude Include="LoadingScene.h">
      <Filter>Game\Scene\LoadingScene</Filter>
    </ClInclude>
    <ClInclude Include="MainScene.h">
      <Filter>Game\Scene\MainScene</Filter>
    </ClInclude>
  </ItemGroup>
  <ItemGroup>
    <Filter Include="DXUT">
      <UniqueIdentifier>{5af2dd4f-3e11-436c-993c-f868215f498c}</UniqueIdentifier>
    </Filter>
    <Filter Include="Engine">
      <UniqueIdentifier>{b9e9dff5-cf83-4978-9f0e-dda1bdb2e1b4}</UniqueIdentifier>
    </Filter>
    <Filter Include="Engine\Animation">
      <UniqueIdentifier>{83cf941e-3715-4c1f-9bd4-fa5c846a92ae}</UniqueIdentifier>
    </Filter>
    <Filter Include="Engine\Asset">
      <UniqueIdentifier>{4910e3db-13db-4e5b-8007-7d868e1280c7}</UniqueIdentifier>
    </Filter>
    <Filter Include="Engine\Entity">
      <UniqueIdentifier>{6687e854-d7bf-4f7c-ad3f-8e392a7caea3}</UniqueIdentifier>
    </Filter>
    <Filter Include="Engine\Scene">
      <UniqueIdentifier>{77327a30-2199-495b-97c4-775cae1179de}</UniqueIdentifier>
    </Filter>
    <Filter Include="Engine\Sprite">
      <UniqueIdentifier>{8ba4f3c1-40ca-43ec-9341-8975c809d3b2}</UniqueIdentifier>
    </Filter>
    <Filter Include="Engine\Timer">
      <UniqueIdentifier>{1dffd0da-db57-45bb-8699-d5645d0d6eda}</UniqueIdentifier>
    </Filter>
    <Filter Include="Engine\Text">
      <UniqueIdentifier>{2f5b573a-ae54-46b2-836f-1ff9542a15e6}</UniqueIdentifier>
    </Filter>
    <Filter Include="Engine\Texture">
      <UniqueIdentifier>{284ae606-67a4-464c-a5c9-c83bc58eb8f8}</UniqueIdentifier>
    </Filter>
    <Filter Include="Resource Files">
      <UniqueIdentifier>{7dcaeb3d-4eaa-4772-a765-26d05344e307}</UniqueIdentifier>
    </Filter>
    <Filter Include="Game">
      <UniqueIdentifier>{412bdda8-cd17-4ce5-8da1-2bb023e4abf5}</UniqueIdentifier>
    </Filter>
    <Filter Include="Engine\World">
      <UniqueIdentifier>{3c40aa30-037d-40d9-818c-aee4f2f5a033}</UniqueIdentifier>
    </Filter>
    <Filter Include="Game\Scene">
      <UniqueIdentifier>{49681eb1-1ac4-4010-a1d6-73d5972a8e19}</UniqueIdentifier>
    </Filter>
    <Filter Include="Game\Scene\GameScene">
      <UniqueIdentifier>{8b0e9b1b-805a-4b12-a190-3467fd769dc9}</UniqueIdentifier>
    </Filter>
    <Filter Include="Game\Entity">
      <UniqueIdentifier>{4531d663-c94f-4902-a813-2e311b8d736f}</UniqueIdentifier>
    </Filter>
    <Filter Include="Game\Entity\Map">
      <UniqueIdentifier>{dbdac704-997a-4462-9322-f9352f3ed5ce}</UniqueIdentifier>
    </Filter>
    <Filter Include="Game\GameManager">
      <UniqueIdentifier>{b5529396-13aa-4671-9e5e-d07d064676dc}</UniqueIdentifier>
    </Filter>
    <Filter Include="Game\Entity\Player">
      <UniqueIdentifier>{6fbbaa64-177f-4d61-a00c-e84fe12ec926}</UniqueIdentifier>
    </Filter>
    <Filter Include="Game\Entity\Coin">
      <UniqueIdentifier>{f70b53c5-c806-431d-8ed8-e2ffa421c998}</UniqueIdentifier>
    </Filter>
    <Filter Include="Game\Entity\Particle">
      <UniqueIdentifier>{54c03a23-e71e-4d6a-8a91-d1da961051fa}</UniqueIdentifier>
    </Filter>
    <Filter Include="Game\Entity\ShopUI">
      <UniqueIdentifier>{a0697f99-e2b6-484a-8814-29f91ed74c07}</UniqueIdentifier>
    </Filter>
    <Filter Include="Game\Entity\Obstacle">
      <UniqueIdentifier>{c97beaf2-1ee4-4339-8319-981ffd312296}</UniqueIdentifier>
    </Filter>
    <Filter Include="Game\Entity\Effect">
      <UniqueIdentifier>{b45c8633-ee4a-4b4e-93da-9e6adc66dbb4}</UniqueIdentifier>
    </Filter>
    <Filter Include="Game\Scene\EndingScene">
      <UniqueIdentifier>{1e06e895-8ad6-4eca-859c-1513baaaf3da}</UniqueIdentifier>
    </Filter>
    <Filter Include="Game\Scene\LoadingScene">
      <UniqueIdentifier>{13d8de85-cf10-4bd9-bca8-2a05528a7bd6}</UniqueIdentifier>
    </Filter>
    <Filter Include="Game\Scene\MainScene">
      <UniqueIdentifier>{16a8f06c-f113-4976-9927-8d8606c0047d}</UniqueIdentifier>
    </Filter>
    <Filter Include="Game\Entity\UI">
      <UniqueIdentifier>{f62e0b69-a196-4f5e-b9df-c85dd47a10f7}</UniqueIdentifier>
    </Filter>
  </ItemGroup>
  <ItemGroup>
    <None Include="DXUT\Optional\directx.ico">
      <Filter>Resource Files</Filter>
    </None>
  </ItemGroup>
  <ItemGroup>
    <ResourceCompile Include="Engine Final.rc">
      <Filter>Resource Files</Filter>
    </ResourceCompile>
  </ItemGroup>
</Project>